// !$*UTF8*$!
{
	archiveVersion = 1;
	classes = {
	};
	objectVersion = 50;
	objects = {

/* Begin PBXBuildFile section */
		8100A2CF20D42AD000DEFF44 /* AppDelegate.swift in Sources */ = {isa = PBXBuildFile; fileRef = 8100A2CE20D42AD000DEFF44 /* AppDelegate.swift */; };
		8100A2D720D42AD100DEFF44 /* GameViewController.swift in Sources */ = {isa = PBXBuildFile; fileRef = 8100A2D620D42AD100DEFF44 /* GameViewController.swift */; };
		8100A2DA20D42AD100DEFF44 /* Main.storyboard in Resources */ = {isa = PBXBuildFile; fileRef = 8100A2D820D42AD100DEFF44 /* Main.storyboard */; };
		8100A2DC20D42AD200DEFF44 /* Assets.xcassets in Resources */ = {isa = PBXBuildFile; fileRef = 8100A2DB20D42AD200DEFF44 /* Assets.xcassets */; };
		8117CB4220DCB7E400677D8F /* Database.xcdatamodeld in Sources */ = {isa = PBXBuildFile; fileRef = 8117CB4020DCB7E400677D8F /* Database.xcdatamodeld */; };
		8156B09420DCBC5E004303C0 /* GameGeneratorService.swift in Sources */ = {isa = PBXBuildFile; fileRef = 8156B09320DCBC5E004303C0 /* GameGeneratorService.swift */; };
		8156B09720DCBD8B004303C0 /* GameProcessingService.swift in Sources */ = {isa = PBXBuildFile; fileRef = 8156B09620DCBD8B004303C0 /* GameProcessingService.swift */; };
		8156B09920DCBDDC004303C0 /* GameIconsService.swift in Sources */ = {isa = PBXBuildFile; fileRef = 8156B09820DCBDDC004303C0 /* GameIconsService.swift */; };
		8156B09B20DCBE71004303C0 /* PersistableService.swift in Sources */ = {isa = PBXBuildFile; fileRef = 8156B09A20DCBE71004303C0 /* PersistableService.swift */; };
		8156B09D20DCC414004303C0 /* AudioService.swift in Sources */ = {isa = PBXBuildFile; fileRef = 8156B09C20DCC414004303C0 /* AudioService.swift */; };
		8156B0AA20DCC593004303C0 /* flag_sound.mp3 in Resources */ = {isa = PBXBuildFile; fileRef = 8156B09F20DCC593004303C0 /* flag_sound.mp3 */; };
		8156B0AB20DCC593004303C0 /* reveal_sound.mp3 in Resources */ = {isa = PBXBuildFile; fileRef = 8156B0A020DCC593004303C0 /* reveal_sound.mp3 */; };
		8156B0AC20DCC593004303C0 /* winning_music.mp3 in Resources */ = {isa = PBXBuildFile; fileRef = 8156B0A120DCC593004303C0 /* winning_music.mp3 */; };
		8156B0AD20DCC593004303C0 /* explosion_sound.mp3 in Resources */ = {isa = PBXBuildFile; fileRef = 8156B0A220DCC593004303C0 /* explosion_sound.mp3 */; };
		8156B0AE20DCC593004303C0 /* select_sound.mp3 in Resources */ = {isa = PBXBuildFile; fileRef = 8156B0A320DCC593004303C0 /* select_sound.mp3 */; };
		8156B0AF20DCC593004303C0 /* bkg_music_2.mp3 in Resources */ = {isa = PBXBuildFile; fileRef = 8156B0A420DCC593004303C0 /* bkg_music_2.mp3 */; };
		8156B0B020DCC593004303C0 /* save_config_sound.mp3 in Resources */ = {isa = PBXBuildFile; fileRef = 8156B0A520DCC593004303C0 /* save_config_sound.mp3 */; };
		8156B0B120DCC593004303C0 /* positive_sound.mp3 in Resources */ = {isa = PBXBuildFile; fileRef = 8156B0A620DCC593004303C0 /* positive_sound.mp3 */; };
		8156B0B220DCC593004303C0 /* tap_sound.mp3 in Resources */ = {isa = PBXBuildFile; fileRef = 8156B0A720DCC593004303C0 /* tap_sound.mp3 */; };
		8156B0B320DCC593004303C0 /* beep_beep_sound.mp3 in Resources */ = {isa = PBXBuildFile; fileRef = 8156B0A820DCC593004303C0 /* beep_beep_sound.mp3 */; };
		8156B0B420DCC593004303C0 /* bkg_music_1.mp3 in Resources */ = {isa = PBXBuildFile; fileRef = 8156B0A920DCC593004303C0 /* bkg_music_1.mp3 */; };
		8156B0B620DCC5FC004303C0 /* probe_sound.wav in Resources */ = {isa = PBXBuildFile; fileRef = 8156B0B520DCC5FC004303C0 /* probe_sound.wav */; };
		8156B0B820DCC696004303C0 /* AudioOptions.swift in Sources */ = {isa = PBXBuildFile; fileRef = 8156B0B720DCC696004303C0 /* AudioOptions.swift */; };
		8156B0BA20DCC74A004303C0 /* Cell.swift in Sources */ = {isa = PBXBuildFile; fileRef = 8156B0B920DCC74A004303C0 /* Cell.swift */; };
		8156B0BD20DCC830004303C0 /* Database.swift in Sources */ = {isa = PBXBuildFile; fileRef = 8156B0BC20DCC830004303C0 /* Database.swift */; };
		8156B0BF20DCC874004303C0 /* Game.swift in Sources */ = {isa = PBXBuildFile; fileRef = 8156B0BE20DCC874004303C0 /* Game.swift */; };
		8156B0C120DCC8E3004303C0 /* GameOptions.swift in Sources */ = {isa = PBXBuildFile; fileRef = 8156B0C020DCC8E3004303C0 /* GameOptions.swift */; };
		8156B0C320DCC9A8004303C0 /* GameTimer.swift in Sources */ = {isa = PBXBuildFile; fileRef = 8156B0C220DCC9A8004303C0 /* GameTimer.swift */; };
		8156B0C520DCCBD5004303C0 /* MineField.swift in Sources */ = {isa = PBXBuildFile; fileRef = 8156B0C420DCCBD5004303C0 /* MineField.swift */; };
		8156B0C820DCCDD8004303C0 /* FieldGrid.swift in Sources */ = {isa = PBXBuildFile; fileRef = 8156B0C720DCCDD8004303C0 /* FieldGrid.swift */; };
		8156B0CB20DCCFA2004303C0 /* FieldGridCell.swift in Sources */ = {isa = PBXBuildFile; fileRef = 8156B0CA20DCCFA2004303C0 /* FieldGridCell.swift */; };
		8156B0CD20DCD0CB004303C0 /* FieldGridLayout.swift in Sources */ = {isa = PBXBuildFile; fileRef = 8156B0CC20DCD0CB004303C0 /* FieldGridLayout.swift */; };
		8156B0CF20DCD151004303C0 /* FieldGridScroll.swift in Sources */ = {isa = PBXBuildFile; fileRef = 8156B0CE20DCD151004303C0 /* FieldGridScroll.swift */; };
		8192B4A120DCB18B00F918D2 /* Constants.swift in Sources */ = {isa = PBXBuildFile; fileRef = 8192B4A020DCB18B00F918D2 /* Constants.swift */; };
		8192B4A420DCB22D00F918D2 /* UIView.swift in Sources */ = {isa = PBXBuildFile; fileRef = 8192B4A320DCB22D00F918D2 /* UIView.swift */; };
		8192B4A620DCB27F00F918D2 /* UIColor.swift in Sources */ = {isa = PBXBuildFile; fileRef = 8192B4A520DCB27F00F918D2 /* UIColor.swift */; };
		8192B4A920DCB45F00F918D2 /* LaunchScreen.storyboard in Resources */ = {isa = PBXBuildFile; fileRef = 8192B4A720DCB45E00F918D2 /* LaunchScreen.storyboard */; };
		8192B4B020DCB49400F918D2 /* FieldGridCell.xib in Resources */ = {isa = PBXBuildFile; fileRef = 8192B4AA20DCB49400F918D2 /* FieldGridCell.xib */; };
		8192B4B120DCB49400F918D2 /* CreditsViewController.xib in Resources */ = {isa = PBXBuildFile; fileRef = 8192B4AC20DCB49400F918D2 /* CreditsViewController.xib */; };
		8192B4B220DCB49400F918D2 /* OptionsViewController.xib in Resources */ = {isa = PBXBuildFile; fileRef = 8192B4AE20DCB49400F918D2 /* OptionsViewController.xib */; };
/* End PBXBuildFile section */

/* Begin PBXFileReference section */
		8100A2CB20D42AD000DEFF44 /* Minesweeper.app */ = {isa = PBXFileReference; explicitFileType = wrapper.application; includeInIndex = 0; path = Minesweeper.app; sourceTree = BUILT_PRODUCTS_DIR; };
		8100A2CE20D42AD000DEFF44 /* AppDelegate.swift */ = {isa = PBXFileReference; lastKnownFileType = sourcecode.swift; path = AppDelegate.swift; sourceTree = "<group>"; };
		8100A2D620D42AD100DEFF44 /* GameViewController.swift */ = {isa = PBXFileReference; lastKnownFileType = sourcecode.swift; path = GameViewController.swift; sourceTree = "<group>"; };
		8100A2D920D42AD100DEFF44 /* Base */ = {isa = PBXFileReference; lastKnownFileType = file.storyboard; name = Base; path = Base.lproj/Main.storyboard; sourceTree = "<group>"; };
		8100A2DB20D42AD200DEFF44 /* Assets.xcassets */ = {isa = PBXFileReference; lastKnownFileType = folder.assetcatalog; path = Assets.xcassets; sourceTree = "<group>"; };
		8100A2E020D42AD200DEFF44 /* Info.plist */ = {isa = PBXFileReference; lastKnownFileType = text.plist.xml; path = Info.plist; sourceTree = "<group>"; };
		8117CB4120DCB7E400677D8F /* Database.xcdatamodel */ = {isa = PBXFileReference; lastKnownFileType = wrapper.xcdatamodel; path = Database.xcdatamodel; sourceTree = "<group>"; };
		8156B09320DCBC5E004303C0 /* GameGeneratorService.swift */ = {isa = PBXFileReference; lastKnownFileType = sourcecode.swift; path = GameGeneratorService.swift; sourceTree = "<group>"; };
		8156B09620DCBD8B004303C0 /* GameProcessingService.swift */ = {isa = PBXFileReference; lastKnownFileType = sourcecode.swift; path = GameProcessingService.swift; sourceTree = "<group>"; };
		8156B09820DCBDDC004303C0 /* GameIconsService.swift */ = {isa = PBXFileReference; lastKnownFileType = sourcecode.swift; path = GameIconsService.swift; sourceTree = "<group>"; };
		8156B09A20DCBE71004303C0 /* PersistableService.swift */ = {isa = PBXFileReference; lastKnownFileType = sourcecode.swift; path = PersistableService.swift; sourceTree = "<group>"; };
		8156B09C20DCC414004303C0 /* AudioService.swift */ = {isa = PBXFileReference; lastKnownFileType = sourcecode.swift; path = AudioService.swift; sourceTree = "<group>"; };
		8156B09F20DCC593004303C0 /* flag_sound.mp3 */ = {isa = PBXFileReference; lastKnownFileType = audio.mp3; path = flag_sound.mp3; sourceTree = "<group>"; };
		8156B0A020DCC593004303C0 /* reveal_sound.mp3 */ = {isa = PBXFileReference; lastKnownFileType = audio.mp3; path = reveal_sound.mp3; sourceTree = "<group>"; };
		8156B0A120DCC593004303C0 /* winning_music.mp3 */ = {isa = PBXFileReference; lastKnownFileType = audio.mp3; path = winning_music.mp3; sourceTree = "<group>"; };
		8156B0A220DCC593004303C0 /* explosion_sound.mp3 */ = {isa = PBXFileReference; lastKnownFileType = audio.mp3; path = explosion_sound.mp3; sourceTree = "<group>"; };
		8156B0A320DCC593004303C0 /* select_sound.mp3 */ = {isa = PBXFileReference; lastKnownFileType = audio.mp3; path = select_sound.mp3; sourceTree = "<group>"; };
		8156B0A420DCC593004303C0 /* bkg_music_2.mp3 */ = {isa = PBXFileReference; lastKnownFileType = audio.mp3; path = bkg_music_2.mp3; sourceTree = "<group>"; };
		8156B0A520DCC593004303C0 /* save_config_sound.mp3 */ = {isa = PBXFileReference; lastKnownFileType = audio.mp3; path = save_config_sound.mp3; sourceTree = "<group>"; };
		8156B0A620DCC593004303C0 /* positive_sound.mp3 */ = {isa = PBXFileReference; lastKnownFileType = audio.mp3; path = positive_sound.mp3; sourceTree = "<group>"; };
		8156B0A720DCC593004303C0 /* tap_sound.mp3 */ = {isa = PBXFileReference; lastKnownFileType = audio.mp3; path = tap_sound.mp3; sourceTree = "<group>"; };
		8156B0A820DCC593004303C0 /* beep_beep_sound.mp3 */ = {isa = PBXFileReference; lastKnownFileType = audio.mp3; path = beep_beep_sound.mp3; sourceTree = "<group>"; };
		8156B0A920DCC593004303C0 /* bkg_music_1.mp3 */ = {isa = PBXFileReference; lastKnownFileType = audio.mp3; path = bkg_music_1.mp3; sourceTree = "<group>"; };
		8156B0B520DCC5FC004303C0 /* probe_sound.wav */ = {isa = PBXFileReference; lastKnownFileType = audio.wav; path = probe_sound.wav; sourceTree = "<group>"; };
		8156B0B720DCC696004303C0 /* AudioOptions.swift */ = {isa = PBXFileReference; lastKnownFileType = sourcecode.swift; path = AudioOptions.swift; sourceTree = "<group>"; };
		8156B0B920DCC74A004303C0 /* Cell.swift */ = {isa = PBXFileReference; lastKnownFileType = sourcecode.swift; path = Cell.swift; sourceTree = "<group>"; };
		8156B0BC20DCC830004303C0 /* Database.swift */ = {isa = PBXFileReference; lastKnownFileType = sourcecode.swift; path = Database.swift; sourceTree = "<group>"; };
		8156B0BE20DCC874004303C0 /* Game.swift */ = {isa = PBXFileReference; lastKnownFileType = sourcecode.swift; path = Game.swift; sourceTree = "<group>"; };
		8156B0C020DCC8E3004303C0 /* GameOptions.swift */ = {isa = PBXFileReference; lastKnownFileType = sourcecode.swift; path = GameOptions.swift; sourceTree = "<group>"; };
		8156B0C220DCC9A8004303C0 /* GameTimer.swift */ = {isa = PBXFileReference; lastKnownFileType = sourcecode.swift; path = GameTimer.swift; sourceTree = "<group>"; };
		8156B0C420DCCBD5004303C0 /* MineField.swift */ = {isa = PBXFileReference; lastKnownFileType = sourcecode.swift; path = MineField.swift; sourceTree = "<group>"; };
		8156B0C720DCCDD8004303C0 /* FieldGrid.swift */ = {isa = PBXFileReference; lastKnownFileType = sourcecode.swift; path = FieldGrid.swift; sourceTree = "<group>"; };
		8156B0CA20DCCFA2004303C0 /* FieldGridCell.swift */ = {isa = PBXFileReference; lastKnownFileType = sourcecode.swift; path = FieldGridCell.swift; sourceTree = "<group>"; };
		8156B0CC20DCD0CB004303C0 /* FieldGridLayout.swift */ = {isa = PBXFileReference; lastKnownFileType = sourcecode.swift; path = FieldGridLayout.swift; sourceTree = "<group>"; };
		8156B0CE20DCD151004303C0 /* FieldGridScroll.swift */ = {isa = PBXFileReference; lastKnownFileType = sourcecode.swift; path = FieldGridScroll.swift; sourceTree = "<group>"; };
		8192B4A020DCB18B00F918D2 /* Constants.swift */ = {isa = PBXFileReference; lastKnownFileType = sourcecode.swift; path = Constants.swift; sourceTree = "<group>"; };
		8192B4A320DCB22D00F918D2 /* UIView.swift */ = {isa = PBXFileReference; lastKnownFileType = sourcecode.swift; path = UIView.swift; sourceTree = "<group>"; };
		8192B4A520DCB27F00F918D2 /* UIColor.swift */ = {isa = PBXFileReference; lastKnownFileType = sourcecode.swift; path = UIColor.swift; sourceTree = "<group>"; };
		8192B4A820DCB45E00F918D2 /* Base */ = {isa = PBXFileReference; lastKnownFileType = file.storyboard; name = Base; path = Base.lproj/LaunchScreen.storyboard; sourceTree = "<group>"; };
		8192B4AB20DCB49400F918D2 /* Base */ = {isa = PBXFileReference; lastKnownFileType = file.xib; name = Base; path = Base.lproj/FieldGridCell.xib; sourceTree = "<group>"; };
		8192B4AD20DCB49400F918D2 /* Base */ = {isa = PBXFileReference; lastKnownFileType = file.xib; name = Base; path = Base.lproj/CreditsViewController.xib; sourceTree = "<group>"; };
		8192B4AF20DCB49400F918D2 /* Base */ = {isa = PBXFileReference; lastKnownFileType = file.xib; name = Base; path = Base.lproj/OptionsViewController.xib; sourceTree = "<group>"; };
/* End PBXFileReference section */

/* Begin PBXFrameworksBuildPhase section */
		8100A2C820D42AD000DEFF44 /* Frameworks */ = {
			isa = PBXFrameworksBuildPhase;
			buildActionMask = 2147483647;
			files = (
			);
			runOnlyForDeploymentPostprocessing = 0;
		};
/* End PBXFrameworksBuildPhase section */

/* Begin PBXGroup section */
		8100A2C220D42AD000DEFF44 = {
			isa = PBXGroup;
			children = (
				8100A2CD20D42AD000DEFF44 /* Minesweeper */,
				8100A2CC20D42AD000DEFF44 /* Products */,
			);
			sourceTree = "<group>";
		};
		8100A2CC20D42AD000DEFF44 /* Products */ = {
			isa = PBXGroup;
			children = (
				8100A2CB20D42AD000DEFF44 /* Minesweeper.app */,
			);
			name = Products;
			sourceTree = "<group>";
		};
		8100A2CD20D42AD000DEFF44 /* Minesweeper */ = {
			isa = PBXGroup;
			children = (
				8100A2E820D42B7D00DEFF44 /* Controllers */,
				8156B0C920DCCDE3004303C0 /* Decorators */,
				8156B0BB20DCC752004303C0 /* Models */,
				8156B09E20DCC564004303C0 /* Resources */,
				8156B09520DCBCCB004303C0 /* Services */,
				8192B4A220DCB19200F918D2 /* Support */,
				8100A2E620D42B6D00DEFF44 /* Views */,
				8100A2CE20D42AD000DEFF44 /* AppDelegate.swift */,
				8100A2DB20D42AD200DEFF44 /* Assets.xcassets */,
				8117CB4020DCB7E400677D8F /* Database.xcdatamodeld */,
				8100A2E020D42AD200DEFF44 /* Info.plist */,
			);
			path = Minesweeper;
			sourceTree = "<group>";
		};
		8100A2E620D42B6D00DEFF44 /* Views */ = {
			isa = PBXGroup;
			children = (
				8192B4AC20DCB49400F918D2 /* CreditsViewController.xib */,
				8192B4AA20DCB49400F918D2 /* FieldGridCell.xib */,
				8192B4A720DCB45E00F918D2 /* LaunchScreen.storyboard */,
				8100A2D820D42AD100DEFF44 /* Main.storyboard */,
				8192B4AE20DCB49400F918D2 /* OptionsViewController.xib */,
			);
			path = Views;
			sourceTree = "<group>";
		};
		8100A2E820D42B7D00DEFF44 /* Controllers */ = {
			isa = PBXGroup;
			children = (
				8100A2D620D42AD100DEFF44 /* GameViewController.swift */,
			);
			path = Controllers;
			sourceTree = "<group>";
		};
		8156B09520DCBCCB004303C0 /* Services */ = {
			isa = PBXGroup;
			children = (
				8156B09C20DCC414004303C0 /* AudioService.swift */,
				8156B09320DCBC5E004303C0 /* GameGeneratorService.swift */,
				8156B09820DCBDDC004303C0 /* GameIconsService.swift */,
				8156B09620DCBD8B004303C0 /* GameProcessingService.swift */,
				8156B09A20DCBE71004303C0 /* PersistableService.swift */,
			);
			path = Services;
			sourceTree = "<group>";
		};
		8156B09E20DCC564004303C0 /* Resources */ = {
			isa = PBXGroup;
			children = (
				8156B0A820DCC593004303C0 /* beep_beep_sound.mp3 */,
				8156B0A920DCC593004303C0 /* bkg_music_1.mp3 */,
				8156B0A420DCC593004303C0 /* bkg_music_2.mp3 */,
				8156B0A220DCC593004303C0 /* explosion_sound.mp3 */,
				8156B09F20DCC593004303C0 /* flag_sound.mp3 */,
				8156B0A620DCC593004303C0 /* positive_sound.mp3 */,
				8156B0B520DCC5FC004303C0 /* probe_sound.wav */,
				8156B0A020DCC593004303C0 /* reveal_sound.mp3 */,
				8156B0A520DCC593004303C0 /* save_config_sound.mp3 */,
				8156B0A320DCC593004303C0 /* select_sound.mp3 */,
				8156B0A720DCC593004303C0 /* tap_sound.mp3 */,
				8156B0A120DCC593004303C0 /* winning_music.mp3 */,
			);
			path = Resources;
			sourceTree = "<group>";
		};
		8156B0BB20DCC752004303C0 /* Models */ = {
			isa = PBXGroup;
			children = (
				8156B0B720DCC696004303C0 /* AudioOptions.swift */,
				8156B0B920DCC74A004303C0 /* Cell.swift */,
				8156B0BC20DCC830004303C0 /* Database.swift */,
				8156B0BE20DCC874004303C0 /* Game.swift */,
				8156B0C020DCC8E3004303C0 /* GameOptions.swift */,
				8156B0C220DCC9A8004303C0 /* GameTimer.swift */,
				8156B0C420DCCBD5004303C0 /* MineField.swift */,
			);
			path = Models;
			sourceTree = "<group>";
		};
		8156B0C920DCCDE3004303C0 /* Decorators */ = {
			isa = PBXGroup;
			children = (
				8156B0C720DCCDD8004303C0 /* FieldGrid.swift */,
				8156B0CA20DCCFA2004303C0 /* FieldGridCell.swift */,
				8156B0CC20DCD0CB004303C0 /* FieldGridLayout.swift */,
				8156B0CE20DCD151004303C0 /* FieldGridScroll.swift */,
			);
			path = Decorators;
			sourceTree = "<group>";
		};
		8192B4A220DCB19200F918D2 /* Support */ = {
			isa = PBXGroup;
			children = (
				8192B4A020DCB18B00F918D2 /* Constants.swift */,
				8192B4A320DCB22D00F918D2 /* UIView.swift */,
				8192B4A520DCB27F00F918D2 /* UIColor.swift */,
			);
			path = Support;
			sourceTree = "<group>";
		};
/* End PBXGroup section */

/* Begin PBXNativeTarget section */
		8100A2CA20D42AD000DEFF44 /* Minesweeper */ = {
			isa = PBXNativeTarget;
			buildConfigurationList = 8100A2E320D42AD200DEFF44 /* Build configuration list for PBXNativeTarget "Minesweeper" */;
			buildPhases = (
				8100A2C720D42AD000DEFF44 /* Sources */,
				8100A2C820D42AD000DEFF44 /* Frameworks */,
				8100A2C920D42AD000DEFF44 /* Resources */,
			);
			buildRules = (
			);
			dependencies = (
			);
			name = Minesweeper;
			productName = Minesweeper;
			productReference = 8100A2CB20D42AD000DEFF44 /* Minesweeper.app */;
			productType = "com.apple.product-type.application";
		};
/* End PBXNativeTarget section */

/* Begin PBXProject section */
		8100A2C320D42AD000DEFF44 /* Project object */ = {
			isa = PBXProject;
			attributes = {
				LastSwiftUpdateCheck = 0940;
				LastUpgradeCheck = 0940;
				ORGANIZATIONNAME = yorman;
				TargetAttributes = {
					8100A2CA20D42AD000DEFF44 = {
						CreatedOnToolsVersion = 9.4.1;
					};
				};
			};
			buildConfigurationList = 8100A2C620D42AD000DEFF44 /* Build configuration list for PBXProject "Minesweeper" */;
			compatibilityVersion = "Xcode 9.3";
			developmentRegion = en;
			hasScannedForEncodings = 0;
			knownRegions = (
				en,
				Base,
			);
			mainGroup = 8100A2C220D42AD000DEFF44;
			productRefGroup = 8100A2CC20D42AD000DEFF44 /* Products */;
			projectDirPath = "";
			projectRoot = "";
			targets = (
				8100A2CA20D42AD000DEFF44 /* Minesweeper */,
			);
		};
/* End PBXProject section */

/* Begin PBXResourcesBuildPhase section */
		8100A2C920D42AD000DEFF44 /* Resources */ = {
			isa = PBXResourcesBuildPhase;
			buildActionMask = 2147483647;
			files = (
				8156B0B320DCC593004303C0 /* beep_beep_sound.mp3 in Resources */,
				8156B0B620DCC5FC004303C0 /* probe_sound.wav in Resources */,
				8156B0B420DCC593004303C0 /* bkg_music_1.mp3 in Resources */,
				8100A2DA20D42AD100DEFF44 /* Main.storyboard in Resources */,
				8156B0B220DCC593004303C0 /* tap_sound.mp3 in Resources */,
				8192B4B120DCB49400F918D2 /* CreditsViewController.xib in Resources */,
				8192B4B220DCB49400F918D2 /* OptionsViewController.xib in Resources */,
				8156B0AA20DCC593004303C0 /* flag_sound.mp3 in Resources */,
				8192B4A920DCB45F00F918D2 /* LaunchScreen.storyboard in Resources */,
				8156B0AB20DCC593004303C0 /* reveal_sound.mp3 in Resources */,
				8156B0AF20DCC593004303C0 /* bkg_music_2.mp3 in Resources */,
				8156B0AC20DCC593004303C0 /* winning_music.mp3 in Resources */,
				8192B4B020DCB49400F918D2 /* FieldGridCell.xib in Resources */,
				8156B0B120DCC593004303C0 /* positive_sound.mp3 in Resources */,
				8156B0B020DCC593004303C0 /* save_config_sound.mp3 in Resources */,
				8156B0AD20DCC593004303C0 /* explosion_sound.mp3 in Resources */,
				8100A2DC20D42AD200DEFF44 /* Assets.xcassets in Resources */,
				8156B0AE20DCC593004303C0 /* select_sound.mp3 in Resources */,
			);
			runOnlyForDeploymentPostprocessing = 0;
		};
/* End PBXResourcesBuildPhase section */

/* Begin PBXSourcesBuildPhase section */
		8100A2C720D42AD000DEFF44 /* Sources */ = {
			isa = PBXSourcesBuildPhase;
			buildActionMask = 2147483647;
			files = (
				8156B0CB20DCCFA2004303C0 /* FieldGridCell.swift in Sources */,
				8156B0BF20DCC874004303C0 /* Game.swift in Sources */,
				8156B09720DCBD8B004303C0 /* GameProcessingService.swift in Sources */,
				8156B09B20DCBE71004303C0 /* PersistableService.swift in Sources */,
				8100A2D720D42AD100DEFF44 /* GameViewController.swift in Sources */,
				8100A2CF20D42AD000DEFF44 /* AppDelegate.swift in Sources */,
				8156B0BA20DCC74A004303C0 /* Cell.swift in Sources */,
				8156B0CD20DCD0CB004303C0 /* FieldGridLayout.swift in Sources */,
				8156B09920DCBDDC004303C0 /* GameIconsService.swift in Sources */,
				8117CB4220DCB7E400677D8F /* Database.xcdatamodeld in Sources */,
				8156B0C820DCCDD8004303C0 /* FieldGrid.swift in Sources */,
				8156B0C120DCC8E3004303C0 /* GameOptions.swift in Sources */,
				8156B0CF20DCD151004303C0 /* FieldGridScroll.swift in Sources */,
				8156B0B820DCC696004303C0 /* AudioOptions.swift in Sources */,
				8192B4A620DCB27F00F918D2 /* UIColor.swift in Sources */,
				8156B0C520DCCBD5004303C0 /* MineField.swift in Sources */,
				8192B4A120DCB18B00F918D2 /* Constants.swift in Sources */,
				8156B0BD20DCC830004303C0 /* Database.swift in Sources */,
				8192B4A420DCB22D00F918D2 /* UIView.swift in Sources */,
				8156B0C320DCC9A8004303C0 /* GameTimer.swift in Sources */,
				8156B09D20DCC414004303C0 /* AudioService.swift in Sources */,
				8156B09420DCBC5E004303C0 /* GameGeneratorService.swift in Sources */,
			);
			runOnlyForDeploymentPostprocessing = 0;
		};
/* End PBXSourcesBuildPhase section */

/* Begin PBXVariantGroup section */
		8100A2D820D42AD100DEFF44 /* Main.storyboard */ = {
			isa = PBXVariantGroup;
			children = (
				8100A2D920D42AD100DEFF44 /* Base */,
			);
			name = Main.storyboard;
			sourceTree = "<group>";
		};
		8192B4A720DCB45E00F918D2 /* LaunchScreen.storyboard */ = {
			isa = PBXVariantGroup;
			children = (
				8192B4A820DCB45E00F918D2 /* Base */,
			);
			name = LaunchScreen.storyboard;
			sourceTree = "<group>";
		};
		8192B4AA20DCB49400F918D2 /* FieldGridCell.xib */ = {
			isa = PBXVariantGroup;
			children = (
				8192B4AB20DCB49400F918D2 /* Base */,
			);
			name = FieldGridCell.xib;
			sourceTree = "<group>";
		};
		8192B4AC20DCB49400F918D2 /* CreditsViewController.xib */ = {
			isa = PBXVariantGroup;
			children = (
				8192B4AD20DCB49400F918D2 /* Base */,
			);
			name = CreditsViewController.xib;
			sourceTree = "<group>";
		};
		8192B4AE20DCB49400F918D2 /* OptionsViewController.xib */ = {
			isa = PBXVariantGroup;
			children = (
				8192B4AF20DCB49400F918D2 /* Base */,
			);
			name = OptionsViewController.xib;
			sourceTree = "<group>";
		};
/* End PBXVariantGroup section */

/* Begin XCBuildConfiguration section */
		8100A2E120D42AD200DEFF44 /* Debug */ = {
			isa = XCBuildConfiguration;
			buildSettings = {
				ALWAYS_SEARCH_USER_PATHS = NO;
				CLANG_ANALYZER_NONNULL = YES;
				CLANG_ANALYZER_NUMBER_OBJECT_CONVERSION = YES_AGGRESSIVE;
				CLANG_CXX_LANGUAGE_STANDARD = "gnu++14";
				CLANG_CXX_LIBRARY = "libc++";
				CLANG_ENABLE_MODULES = YES;
				CLANG_ENABLE_OBJC_ARC = YES;
				CLANG_ENABLE_OBJC_WEAK = YES;
				CLANG_WARN_BLOCK_CAPTURE_AUTORELEASING = YES;
				CLANG_WARN_BOOL_CONVERSION = YES;
				CLANG_WARN_COMMA = YES;
				CLANG_WARN_CONSTANT_CONVERSION = YES;
				CLANG_WARN_DEPRECATED_OBJC_IMPLEMENTATIONS = YES;
				CLANG_WARN_DIRECT_OBJC_ISA_USAGE = YES_ERROR;
				CLANG_WARN_DOCUMENTATION_COMMENTS = YES;
				CLANG_WARN_EMPTY_BODY = YES;
				CLANG_WARN_ENUM_CONVERSION = YES;
				CLANG_WARN_INFINITE_RECURSION = YES;
				CLANG_WARN_INT_CONVERSION = YES;
				CLANG_WARN_NON_LITERAL_NULL_CONVERSION = YES;
				CLANG_WARN_OBJC_IMPLICIT_RETAIN_SELF = YES;
				CLANG_WARN_OBJC_LITERAL_CONVERSION = YES;
				CLANG_WARN_OBJC_ROOT_CLASS = YES_ERROR;
				CLANG_WARN_RANGE_LOOP_ANALYSIS = YES;
				CLANG_WARN_STRICT_PROTOTYPES = YES;
				CLANG_WARN_SUSPICIOUS_MOVE = YES;
				CLANG_WARN_UNGUARDED_AVAILABILITY = YES_AGGRESSIVE;
				CLANG_WARN_UNREACHABLE_CODE = YES;
				CLANG_WARN__DUPLICATE_METHOD_MATCH = YES;
				CODE_SIGN_IDENTITY = "iPhone Developer";
				COPY_PHASE_STRIP = NO;
				DEBUG_INFORMATION_FORMAT = dwarf;
				ENABLE_STRICT_OBJC_MSGSEND = YES;
				ENABLE_TESTABILITY = YES;
				GCC_C_LANGUAGE_STANDARD = gnu11;
				GCC_DYNAMIC_NO_PIC = NO;
				GCC_NO_COMMON_BLOCKS = YES;
				GCC_OPTIMIZATION_LEVEL = 0;
				GCC_PREPROCESSOR_DEFINITIONS = (
					"DEBUG=1",
					"$(inherited)",
				);
				GCC_WARN_64_TO_32_BIT_CONVERSION = YES;
				GCC_WARN_ABOUT_RETURN_TYPE = YES_ERROR;
				GCC_WARN_UNDECLARED_SELECTOR = YES;
				GCC_WARN_UNINITIALIZED_AUTOS = YES_AGGRESSIVE;
				GCC_WARN_UNUSED_FUNCTION = YES;
				GCC_WARN_UNUSED_VARIABLE = YES;
				IPHONEOS_DEPLOYMENT_TARGET = 11.4;
				MTL_ENABLE_DEBUG_INFO = YES;
				ONLY_ACTIVE_ARCH = YES;
				SDKROOT = iphoneos;
				SWIFT_ACTIVE_COMPILATION_CONDITIONS = DEBUG;
				SWIFT_OPTIMIZATION_LEVEL = "-Onone";
			};
			name = Debug;
		};
		8100A2E220D42AD200DEFF44 /* Release */ = {
			isa = XCBuildConfiguration;
			buildSettings = {
				ALWAYS_SEARCH_USER_PATHS = NO;
				CLANG_ANALYZER_NONNULL = YES;
				CLANG_ANALYZER_NUMBER_OBJECT_CONVERSION = YES_AGGRESSIVE;
				CLANG_CXX_LANGUAGE_STANDARD = "gnu++14";
				CLANG_CXX_LIBRARY = "libc++";
				CLANG_ENABLE_MODULES = YES;
				CLANG_ENABLE_OBJC_ARC = YES;
				CLANG_ENABLE_OBJC_WEAK = YES;
				CLANG_WARN_BLOCK_CAPTURE_AUTORELEASING = YES;
				CLANG_WARN_BOOL_CONVERSION = YES;
				CLANG_WARN_COMMA = YES;
				CLANG_WARN_CONSTANT_CONVERSION = YES;
				CLANG_WARN_DEPRECATED_OBJC_IMPLEMENTATIONS = YES;
				CLANG_WARN_DIRECT_OBJC_ISA_USAGE = YES_ERROR;
				CLANG_WARN_DOCUMENTATION_COMMENTS = YES;
				CLANG_WARN_EMPTY_BODY = YES;
				CLANG_WARN_ENUM_CONVERSION = YES;
				CLANG_WARN_INFINITE_RECURSION = YES;
				CLANG_WARN_INT_CONVERSION = YES;
				CLANG_WARN_NON_LITERAL_NULL_CONVERSION = YES;
				CLANG_WARN_OBJC_IMPLICIT_RETAIN_SELF = YES;
				CLANG_WARN_OBJC_LITERAL_CONVERSION = YES;
				CLANG_WARN_OBJC_ROOT_CLASS = YES_ERROR;
				CLANG_WARN_RANGE_LOOP_ANALYSIS = YES;
				CLANG_WARN_STRICT_PROTOTYPES = YES;
				CLANG_WARN_SUSPICIOUS_MOVE = YES;
				CLANG_WARN_UNGUARDED_AVAILABILITY = YES_AGGRESSIVE;
				CLANG_WARN_UNREACHABLE_CODE = YES;
				CLANG_WARN__DUPLICATE_METHOD_MATCH = YES;
				CODE_SIGN_IDENTITY = "iPhone Developer";
				COPY_PHASE_STRIP = NO;
				DEBUG_INFORMATION_FORMAT = "dwarf-with-dsym";
				ENABLE_NS_ASSERTIONS = NO;
				ENABLE_STRICT_OBJC_MSGSEND = YES;
				GCC_C_LANGUAGE_STANDARD = gnu11;
				GCC_NO_COMMON_BLOCKS = YES;
				GCC_WARN_64_TO_32_BIT_CONVERSION = YES;
				GCC_WARN_ABOUT_RETURN_TYPE = YES_ERROR;
				GCC_WARN_UNDECLARED_SELECTOR = YES;
				GCC_WARN_UNINITIALIZED_AUTOS = YES_AGGRESSIVE;
				GCC_WARN_UNUSED_FUNCTION = YES;
				GCC_WARN_UNUSED_VARIABLE = YES;
				IPHONEOS_DEPLOYMENT_TARGET = 11.4;
				MTL_ENABLE_DEBUG_INFO = NO;
				SDKROOT = iphoneos;
				SWIFT_COMPILATION_MODE = wholemodule;
				SWIFT_OPTIMIZATION_LEVEL = "-O";
				VALIDATE_PRODUCT = YES;
			};
			name = Release;
		};
		8100A2E420D42AD200DEFF44 /* Debug */ = {
			isa = XCBuildConfiguration;
			buildSettings = {
				ASSETCATALOG_COMPILER_APPICON_NAME = AppIcon;
				CODE_SIGN_STYLE = Automatic;
				INFOPLIST_FILE = Minesweeper/Info.plist;
				LD_RUNPATH_SEARCH_PATHS = (
					"$(inherited)",
					"@executable_path/Frameworks",
				);
				PRODUCT_BUNDLE_IDENTIFIER = ca.ciccc.yorman.Minesweeper;
				PRODUCT_NAME = "$(TARGET_NAME)";
				SWIFT_VERSION = 4.0;
				TARGETED_DEVICE_FAMILY = "1,2";
			};
			name = Debug;
		};
		8100A2E520D42AD200DEFF44 /* Release */ = {
			isa = XCBuildConfiguration;
			buildSettings = {
				ASSETCATALOG_COMPILER_APPICON_NAME = AppIcon;
				CODE_SIGN_STYLE = Automatic;
				INFOPLIST_FILE = Minesweeper/Info.plist;
				LD_RUNPATH_SEARCH_PATHS = (
					"$(inherited)",
					"@executable_path/Frameworks",
				);
				PRODUCT_BUNDLE_IDENTIFIER = ca.ciccc.yorman.Minesweeper;
				PRODUCT_NAME = "$(TARGET_NAME)";
				SWIFT_VERSION = 4.0;
				TARGETED_DEVICE_FAMILY = "1,2";
			};
			name = Release;
		};
/* End XCBuildConfiguration section */

/* Begin XCConfigurationList section */
		8100A2C620D42AD000DEFF44 /* Build configuration list for PBXProject "Minesweeper" */ = {
			isa = XCConfigurationList;
			buildConfigurations = (
				8100A2E120D42AD200DEFF44 /* Debug */,
				8100A2E220D42AD200DEFF44 /* Release */,
			);
			defaultConfigurationIsVisible = 0;
			defaultConfigurationName = Release;
		};
		8100A2E320D42AD200DEFF44 /* Build configuration list for PBXNativeTarget "Minesweeper" */ = {
			isa = XCConfigurationList;
			buildConfigurations = (
				8100A2E420D42AD200DEFF44 /* Debug */,
				8100A2E520D42AD200DEFF44 /* Release */,
			);
			defaultConfigurationIsVisible = 0;
			defaultConfigurationName = Release;
		};
/* End XCConfigurationList section */

/* Begin XCVersionGroup section */
		8117CB4020DCB7E400677D8F /* Database.xcdatamodeld */ = {
			isa = XCVersionGroup;
			children = (
				8117CB4120DCB7E400677D8F /* Database.xcdatamodel */,
			);
			currentVersion = 8117CB4120DCB7E400677D8F /* Database.xcdatamodel */;
			path = Database.xcdatamodeld;
			sourceTree = "<group>";
			versionGroupType = wrapper.xcdatamodel;
		};
/* End XCVersionGroup section */
	};
	rootObject = 8100A2C320D42AD000DEFF44 /* Project object */;
}
